
Microsoft Visual Studio Solution File, Format Version 12.00
# Visual Studio Version 17
VisualStudioVersion = 17.12.35707.178
MinimumVisualStudioVersion = 10.0.40219.1
Project("{2150E333-8FDC-42A3-9474-1A3956D46DE8}") = "Services", "Services", "{2F908E24-167D-4476-9892-985947D1271E}"
EndProject
Project("{2150E333-8FDC-42A3-9474-1A3956D46DE8}") = "Permises", "Permises", "{D355603A-A1A6-4AC3-AF72-8CADABF2055F}"
EndProject
Project("{2150E333-8FDC-42A3-9474-1A3956D46DE8}") = "Modules", "Modules", "{952678A0-7CB1-4E2C-BAE1-DE071182F1A1}"
EndProject
Project("{2150E333-8FDC-42A3-9474-1A3956D46DE8}") = "Groups", "Groups", "{A6FE109D-7E66-4F25-8A87-9C2D5AA44355}"
EndProject
Project("{FAE04EC0-301F-11D3-BF4B-00C04F79EFBC}") = "Modules.API", "src\Services\Modules\Modules.API\Modules.API.csproj", "{E38483C2-44A9-493B-873C-69C7516B3317}"
EndProject
Project("{FAE04EC0-301F-11D3-BF4B-00C04F79EFBC}") = "Permises.API", "src\Services\Permises\Permises.API\Permises.API.csproj", "{7A156407-6FF4-426C-8434-7A21FA7B6163}"
EndProject
Project("{2150E333-8FDC-42A3-9474-1A3956D46DE8}") = "Gateway", "Gateway", "{EC59A1BC-F8EF-4574-BEC5-56EA63935260}"
EndProject
Project("{FAE04EC0-301F-11D3-BF4B-00C04F79EFBC}") = "Gateway.API", "src\Services\Gateway\Gateway.API\Gateway.API.csproj", "{F40C5BB2-4A5F-47C1-A4C2-422C8B8A52FF}"
EndProject
Project("{E53339B2-1760-4266-BCC7-CA923CBCF16C}") = "docker-compose", "docker-compose.dcproj", "{3C639FA2-20FD-46B0-9584-03B2CE6E00B2}"
EndProject
Project("{2150E333-8FDC-42A3-9474-1A3956D46DE8}") = "wwwroot", "wwwroot", "{89426E0E-D2BF-459D-BCE4-3E4DE9A3BC37}"
EndProject
Project("{FAE04EC0-301F-11D3-BF4B-00C04F79EFBC}") = "Groups.API", "src\Services\Groups\Groups.API\Groups.API.csproj", "{7BC7292F-B4A2-4A47-AB9D-A5584C9C2D6D}"
EndProject
Project("{FAE04EC0-301F-11D3-BF4B-00C04F79EFBC}") = "WebSite", "src\wwwroot\WebSite\WebSite.csproj", "{B4ADB082-8A57-4A55-9D91-E09E0585A218}"
EndProject
Global
	GlobalSection(SolutionConfigurationPlatforms) = preSolution
		Debug|Any CPU = Debug|Any CPU
		Release|Any CPU = Release|Any CPU
	EndGlobalSection
	GlobalSection(ProjectConfigurationPlatforms) = postSolution
		{E38483C2-44A9-493B-873C-69C7516B3317}.Debug|Any CPU.ActiveCfg = Debug|Any CPU
		{E38483C2-44A9-493B-873C-69C7516B3317}.Debug|Any CPU.Build.0 = Debug|Any CPU
		{E38483C2-44A9-493B-873C-69C7516B3317}.Release|Any CPU.ActiveCfg = Release|Any CPU
		{E38483C2-44A9-493B-873C-69C7516B3317}.Release|Any CPU.Build.0 = Release|Any CPU
		{7A156407-6FF4-426C-8434-7A21FA7B6163}.Debug|Any CPU.ActiveCfg = Debug|Any CPU
		{7A156407-6FF4-426C-8434-7A21FA7B6163}.Debug|Any CPU.Build.0 = Debug|Any CPU
		{7A156407-6FF4-426C-8434-7A21FA7B6163}.Release|Any CPU.ActiveCfg = Release|Any CPU
		{7A156407-6FF4-426C-8434-7A21FA7B6163}.Release|Any CPU.Build.0 = Release|Any CPU
		{F40C5BB2-4A5F-47C1-A4C2-422C8B8A52FF}.Debug|Any CPU.ActiveCfg = Debug|Any CPU
		{F40C5BB2-4A5F-47C1-A4C2-422C8B8A52FF}.Debug|Any CPU.Build.0 = Debug|Any CPU
		{F40C5BB2-4A5F-47C1-A4C2-422C8B8A52FF}.Release|Any CPU.ActiveCfg = Release|Any CPU
		{F40C5BB2-4A5F-47C1-A4C2-422C8B8A52FF}.Release|Any CPU.Build.0 = Release|Any CPU
		{3C639FA2-20FD-46B0-9584-03B2CE6E00B2}.Debug|Any CPU.ActiveCfg = Debug|Any CPU
		{3C639FA2-20FD-46B0-9584-03B2CE6E00B2}.Debug|Any CPU.Build.0 = Debug|Any CPU
		{3C639FA2-20FD-46B0-9584-03B2CE6E00B2}.Release|Any CPU.ActiveCfg = Release|Any CPU
		{3C639FA2-20FD-46B0-9584-03B2CE6E00B2}.Release|Any CPU.Build.0 = Release|Any CPU
		{7BC7292F-B4A2-4A47-AB9D-A5584C9C2D6D}.Debug|Any CPU.ActiveCfg = Debug|Any CPU
		{7BC7292F-B4A2-4A47-AB9D-A5584C9C2D6D}.Debug|Any CPU.Build.0 = Debug|Any CPU
		{7BC7292F-B4A2-4A47-AB9D-A5584C9C2D6D}.Release|Any CPU.ActiveCfg = Release|Any CPU
		{7BC7292F-B4A2-4A47-AB9D-A5584C9C2D6D}.Release|Any CPU.Build.0 = Release|Any CPU
		{B4ADB082-8A57-4A55-9D91-E09E0585A218}.Debug|Any CPU.ActiveCfg = Debug|Any CPU
		{B4ADB082-8A57-4A55-9D91-E09E0585A218}.Debug|Any CPU.Build.0 = Debug|Any CPU
		{B4ADB082-8A57-4A55-9D91-E09E0585A218}.Release|Any CPU.ActiveCfg = Release|Any CPU
		{B4ADB082-8A57-4A55-9D91-E09E0585A218}.Release|Any CPU.Build.0 = Release|Any CPU
	EndGlobalSection
	GlobalSection(SolutionProperties) = preSolution
		HideSolutionNode = FALSE
	EndGlobalSection
	GlobalSection(NestedProjects) = preSolution
		{D355603A-A1A6-4AC3-AF72-8CADABF2055F} = {2F908E24-167D-4476-9892-985947D1271E}
		{952678A0-7CB1-4E2C-BAE1-DE071182F1A1} = {2F908E24-167D-4476-9892-985947D1271E}
		{A6FE109D-7E66-4F25-8A87-9C2D5AA44355} = {2F908E24-167D-4476-9892-985947D1271E}
		{E38483C2-44A9-493B-873C-69C7516B3317} = {952678A0-7CB1-4E2C-BAE1-DE071182F1A1}
		{7A156407-6FF4-426C-8434-7A21FA7B6163} = {D355603A-A1A6-4AC3-AF72-8CADABF2055F}
		{EC59A1BC-F8EF-4574-BEC5-56EA63935260} = {2F908E24-167D-4476-9892-985947D1271E}
		{F40C5BB2-4A5F-47C1-A4C2-422C8B8A52FF} = {EC59A1BC-F8EF-4574-BEC5-56EA63935260}
		{7BC7292F-B4A2-4A47-AB9D-A5584C9C2D6D} = {A6FE109D-7E66-4F25-8A87-9C2D5AA44355}
		{B4ADB082-8A57-4A55-9D91-E09E0585A218} = {89426E0E-D2BF-459D-BCE4-3E4DE9A3BC37}
	EndGlobalSection
EndGlobal
